// !$*UTF8*$!
{
	archiveVersion = 1;
	classes = {
	};
	objectVersion = 51;
	objects = {

/* Begin PBXBuildFile section */
		7306E7A928C3C80B00B7D3F8 /* sd_webImage.swift in Sources */ = {isa = PBXBuildFile; fileRef = 7306E7A828C3C80B00B7D3F8 /* sd_webImage.swift */; };
		7306E7AB28C3EF2D00B7D3F8 /* sharedModel.swift in Sources */ = {isa = PBXBuildFile; fileRef = 7306E7AA28C3EF2D00B7D3F8 /* sharedModel.swift */; };
		7306E7AD28C40D5800B7D3F8 /* GenaricResponse.swift in Sources */ = {isa = PBXBuildFile; fileRef = 7306E7AC28C40D5800B7D3F8 /* GenaricResponse.swift */; };
		730A33E528EB97EE00B61B18 /* SplashScreenVC.swift in Sources */ = {isa = PBXBuildFile; fileRef = 730A33E428EB97EE00B61B18 /* SplashScreenVC.swift */; };
		730A33E728EB9A4900B61B18 /* Netflix.json in Resources */ = {isa = PBXBuildFile; fileRef = 730A33E628EB9A4900B61B18 /* Netflix.json */; };
		730A33E928EB9BA800B61B18 /* netflix-logo.json in Resources */ = {isa = PBXBuildFile; fileRef = 730A33E828EB9BA800B61B18 /* netflix-logo.json */; };
		730A33EB28EB9FFF00B61B18 /* NetflixNew.json in Resources */ = {isa = PBXBuildFile; fileRef = 730A33EA28EB9FFF00B61B18 /* NetflixNew.json */; };
		730A33ED28EBA59100B61B18 /* NetflixSoundTone.mp3 in Resources */ = {isa = PBXBuildFile; fileRef = 730A33EC28EBA59000B61B18 /* NetflixSoundTone.mp3 */; };
		730A33EF28EBAFED00B61B18 /* Netflix New Logo Animation 2019.mp4.lottie (1).json in Resources */ = {isa = PBXBuildFile; fileRef = 730A33EE28EBAFED00B61B18 /* Netflix New Logo Animation 2019.mp4.lottie (1).json */; };
		730A33F128EBB02F00B61B18 /* Netflix New Logo Animation 2019.mp4.lottie (2).json in Resources */ = {isa = PBXBuildFile; fileRef = 730A33F028EBB02F00B61B18 /* Netflix New Logo Animation 2019.mp4.lottie (2).json */; };
		730CB31F28B15FAB0056D029 /* HeroHeaderView.swift in Sources */ = {isa = PBXBuildFile; fileRef = 730CB31E28B15FAB0056D029 /* HeroHeaderView.swift */; };
		730F98A428DD0CC2001D8A1B /* YoutubeApiResponse.swift in Sources */ = {isa = PBXBuildFile; fileRef = 730F98A328DD0CC2001D8A1B /* YoutubeApiResponse.swift */; };
		730F98A628DD0FBC001D8A1B /* MoviePreviewVC.swift in Sources */ = {isa = PBXBuildFile; fileRef = 730F98A528DD0FBC001D8A1B /* MoviePreviewVC.swift */; };
		730F98A828DD1664001D8A1B /* MoviePreviewModel.swift in Sources */ = {isa = PBXBuildFile; fileRef = 730F98A728DD1664001D8A1B /* MoviePreviewModel.swift */; };
		732B272328B075E400A6876C /* AppDelegate.swift in Sources */ = {isa = PBXBuildFile; fileRef = 732B272228B075E400A6876C /* AppDelegate.swift */; };
		732B272528B075E400A6876C /* SceneDelegate.swift in Sources */ = {isa = PBXBuildFile; fileRef = 732B272428B075E400A6876C /* SceneDelegate.swift */; };
		732B272728B075E400A6876C /* MainTabBarVC.swift in Sources */ = {isa = PBXBuildFile; fileRef = 732B272628B075E400A6876C /* MainTabBarVC.swift */; };
		732B272C28B075E400A6876C /* Assets.xcassets in Resources */ = {isa = PBXBuildFile; fileRef = 732B272B28B075E400A6876C /* Assets.xcassets */; };
		732B273828B0763C00A6876C /* HomeVC.swift in Sources */ = {isa = PBXBuildFile; fileRef = 732B273728B0763C00A6876C /* HomeVC.swift */; };
		732B273A28B0765400A6876C /* UpComingVC.swift in Sources */ = {isa = PBXBuildFile; fileRef = 732B273928B0765400A6876C /* UpComingVC.swift */; };
		732B273C28B0766800A6876C /* SearchVC.swift in Sources */ = {isa = PBXBuildFile; fileRef = 732B273B28B0766800A6876C /* SearchVC.swift */; };
		732B273E28B0767A00A6876C /* DownloadsVC.swift in Sources */ = {isa = PBXBuildFile; fileRef = 732B273D28B0767A00A6876C /* DownloadsVC.swift */; };
		732B274628B08E7400A6876C /* CollectionViewTableViewCell.swift in Sources */ = {isa = PBXBuildFile; fileRef = 732B274528B08E7400A6876C /* CollectionViewTableViewCell.swift */; };
		7335708428CE5B43000C02D5 /* UpcomingTableViewCell.swift in Sources */ = {isa = PBXBuildFile; fileRef = 7335708328CE5B43000C02D5 /* UpcomingTableViewCell.swift */; };
		7335708628CE60AD000C02D5 /* UpcomingPresenter.swift in Sources */ = {isa = PBXBuildFile; fileRef = 7335708528CE60AD000C02D5 /* UpcomingPresenter.swift */; };
		733A83E428EB5ECE00E8F273 /* LaunchScreen.storyboard in Resources */ = {isa = PBXBuildFile; fileRef = 733A83E328EB5ECE00E8F273 /* LaunchScreen.storyboard */; };
		73430BCC28E623640029B9F2 /* ShowAlertsManager.swift in Sources */ = {isa = PBXBuildFile; fileRef = 73430BCB28E623640029B9F2 /* ShowAlertsManager.swift */; };
		73430BCE28E6304D0029B9F2 /* UIView + Loader.swift in Sources */ = {isa = PBXBuildFile; fileRef = 73430BCD28E6304D0029B9F2 /* UIView + Loader.swift */; };
		7343D79D28EA391C0038D929 /* Netflix.gif in Resources */ = {isa = PBXBuildFile; fileRef = 7343D79C28EA391C0038D929 /* Netflix.gif */; };
		735C013228C2A269004459C4 /* PopularMovies.swift in Sources */ = {isa = PBXBuildFile; fileRef = 735C013128C2A269004459C4 /* PopularMovies.swift */; };
		735C013428C2B5F6004459C4 /* UpcomingMovies.swift in Sources */ = {isa = PBXBuildFile; fileRef = 735C013328C2B5F6004459C4 /* UpcomingMovies.swift */; };
		738D51E528B1BDDC00656261 /* TrendingMovies.swift in Sources */ = {isa = PBXBuildFile; fileRef = 738D51E428B1BDDC00656261 /* TrendingMovies.swift */; };
		73B1AF1E28D14E56007A289C /* SearchResultVC.swift in Sources */ = {isa = PBXBuildFile; fileRef = 73B1AF1D28D14E56007A289C /* SearchResultVC.swift */; };
		73B1AF2028D213F4007A289C /* String+Trimming.swift in Sources */ = {isa = PBXBuildFile; fileRef = 73B1AF1F28D213F4007A289C /* String+Trimming.swift */; };
		73E9A2AB28B1B6E200979577 /* APIClaller.swift in Sources */ = {isa = PBXBuildFile; fileRef = 73E9A2AA28B1B6E200979577 /* APIClaller.swift */; };
		73E9A2B028B1B88800979577 /* Constants.swift in Sources */ = {isa = PBXBuildFile; fileRef = 73E9A2AF28B1B88800979577 /* Constants.swift */; };
		73F7B20C28C3A9FF00E83741 /* TrendingTV.swift in Sources */ = {isa = PBXBuildFile; fileRef = 73F7B20B28C3A9FF00E83741 /* TrendingTV.swift */; };
		73F7B20E28C3B19400E83741 /* TopRatedMovies.swift in Sources */ = {isa = PBXBuildFile; fileRef = 73F7B20D28C3B19400E83741 /* TopRatedMovies.swift */; };
		73F7B21028C3BE8F00E83741 /* TitleCollectionViewCell.swift in Sources */ = {isa = PBXBuildFile; fileRef = 73F7B20F28C3BE8F00E83741 /* TitleCollectionViewCell.swift */; };
		8050D2FFC908C5CD074F686C /* Pods_Netflix.framework in Frameworks */ = {isa = PBXBuildFile; fileRef = 41A523F98159C67C99150E2B /* Pods_Netflix.framework */; };
/* End PBXBuildFile section */

/* Begin PBXFileReference section */
		41A523F98159C67C99150E2B /* Pods_Netflix.framework */ = {isa = PBXFileReference; explicitFileType = wrapper.framework; includeInIndex = 0; path = Pods_Netflix.framework; sourceTree = BUILT_PRODUCTS_DIR; };
		7306E7A828C3C80B00B7D3F8 /* sd_webImage.swift */ = {isa = PBXFileReference; lastKnownFileType = sourcecode.swift; path = sd_webImage.swift; sourceTree = "<group>"; };
		7306E7AA28C3EF2D00B7D3F8 /* sharedModel.swift */ = {isa = PBXFileReference; lastKnownFileType = sourcecode.swift; path = sharedModel.swift; sourceTree = "<group>"; };
		7306E7AC28C40D5800B7D3F8 /* GenaricResponse.swift */ = {isa = PBXFileReference; lastKnownFileType = sourcecode.swift; path = GenaricResponse.swift; sourceTree = "<group>"; };
		730A33E428EB97EE00B61B18 /* SplashScreenVC.swift */ = {isa = PBXFileReference; lastKnownFileType = sourcecode.swift; path = SplashScreenVC.swift; sourceTree = "<group>"; };
		730A33E628EB9A4900B61B18 /* Netflix.json */ = {isa = PBXFileReference; fileEncoding = 4; lastKnownFileType = text.json; path = Netflix.json; sourceTree = "<group>"; };
		730A33E828EB9BA800B61B18 /* netflix-logo.json */ = {isa = PBXFileReference; fileEncoding = 4; lastKnownFileType = text.json; path = "netflix-logo.json"; sourceTree = "<group>"; };
		730A33EA28EB9FFF00B61B18 /* NetflixNew.json */ = {isa = PBXFileReference; fileEncoding = 4; lastKnownFileType = text.json; path = NetflixNew.json; sourceTree = "<group>"; };
		730A33EC28EBA59000B61B18 /* NetflixSoundTone.mp3 */ = {isa = PBXFileReference; lastKnownFileType = audio.mp3; path = NetflixSoundTone.mp3; sourceTree = "<group>"; };
		730A33EE28EBAFED00B61B18 /* Netflix New Logo Animation 2019.mp4.lottie (1).json */ = {isa = PBXFileReference; fileEncoding = 4; lastKnownFileType = text.json; path = "Netflix New Logo Animation 2019.mp4.lottie (1).json"; sourceTree = "<group>"; };
		730A33F028EBB02F00B61B18 /* Netflix New Logo Animation 2019.mp4.lottie (2).json */ = {isa = PBXFileReference; fileEncoding = 4; lastKnownFileType = text.json; path = "Netflix New Logo Animation 2019.mp4.lottie (2).json"; sourceTree = "<group>"; };
		730CB31E28B15FAB0056D029 /* HeroHeaderView.swift */ = {isa = PBXFileReference; lastKnownFileType = sourcecode.swift; path = HeroHeaderView.swift; sourceTree = "<group>"; };
		730F98A328DD0CC2001D8A1B /* YoutubeApiResponse.swift */ = {isa = PBXFileReference; lastKnownFileType = sourcecode.swift; path = YoutubeApiResponse.swift; sourceTree = "<group>"; };
		730F98A528DD0FBC001D8A1B /* MoviePreviewVC.swift */ = {isa = PBXFileReference; lastKnownFileType = sourcecode.swift; path = MoviePreviewVC.swift; sourceTree = "<group>"; };
		730F98A728DD1664001D8A1B /* MoviePreviewModel.swift */ = {isa = PBXFileReference; lastKnownFileType = sourcecode.swift; path = MoviePreviewModel.swift; sourceTree = "<group>"; };
		732B271F28B075E400A6876C /* Netflix.app */ = {isa = PBXFileReference; explicitFileType = wrapper.application; includeInIndex = 0; path = Netflix.app; sourceTree = BUILT_PRODUCTS_DIR; };
		732B272228B075E400A6876C /* AppDelegate.swift */ = {isa = PBXFileReference; lastKnownFileType = sourcecode.swift; path = AppDelegate.swift; sourceTree = "<group>"; };
		732B272428B075E400A6876C /* SceneDelegate.swift */ = {isa = PBXFileReference; lastKnownFileType = sourcecode.swift; path = SceneDelegate.swift; sourceTree = "<group>"; };
		732B272628B075E400A6876C /* MainTabBarVC.swift */ = {isa = PBXFileReference; lastKnownFileType = sourcecode.swift; path = MainTabBarVC.swift; sourceTree = "<group>"; };
		732B272B28B075E400A6876C /* Assets.xcassets */ = {isa = PBXFileReference; lastKnownFileType = folder.assetcatalog; path = Assets.xcassets; sourceTree = "<group>"; };
		732B273028B075E400A6876C /* Info.plist */ = {isa = PBXFileReference; lastKnownFileType = text.plist.xml; path = Info.plist; sourceTree = "<group>"; };
		732B273728B0763C00A6876C /* HomeVC.swift */ = {isa = PBXFileReference; lastKnownFileType = sourcecode.swift; path = HomeVC.swift; sourceTree = "<group>"; };
		732B273928B0765400A6876C /* UpComingVC.swift */ = {isa = PBXFileReference; lastKnownFileType = sourcecode.swift; path = UpComingVC.swift; sourceTree = "<group>"; };
		732B273B28B0766800A6876C /* SearchVC.swift */ = {isa = PBXFileReference; lastKnownFileType = sourcecode.swift; path = SearchVC.swift; sourceTree = "<group>"; };
		732B273D28B0767A00A6876C /* DownloadsVC.swift */ = {isa = PBXFileReference; lastKnownFileType = sourcecode.swift; path = DownloadsVC.swift; sourceTree = "<group>"; };
		732B274528B08E7400A6876C /* CollectionViewTableViewCell.swift */ = {isa = PBXFileReference; lastKnownFileType = sourcecode.swift; path = CollectionViewTableViewCell.swift; sourceTree = "<group>"; };
		7335708328CE5B43000C02D5 /* UpcomingTableViewCell.swift */ = {isa = PBXFileReference; lastKnownFileType = sourcecode.swift; path = UpcomingTableViewCell.swift; sourceTree = "<group>"; };
		7335708528CE60AD000C02D5 /* UpcomingPresenter.swift */ = {isa = PBXFileReference; lastKnownFileType = sourcecode.swift; path = UpcomingPresenter.swift; sourceTree = "<group>"; };
		733A83E328EB5ECE00E8F273 /* LaunchScreen.storyboard */ = {isa = PBXFileReference; lastKnownFileType = file.storyboard; path = LaunchScreen.storyboard; sourceTree = "<group>"; };
		73430BCB28E623640029B9F2 /* ShowAlertsManager.swift */ = {isa = PBXFileReference; lastKnownFileType = sourcecode.swift; path = ShowAlertsManager.swift; sourceTree = "<group>"; };
		73430BCD28E6304D0029B9F2 /* UIView + Loader.swift */ = {isa = PBXFileReference; lastKnownFileType = sourcecode.swift; path = "UIView + Loader.swift"; sourceTree = "<group>"; };
		7343D79C28EA391C0038D929 /* Netflix.gif */ = {isa = PBXFileReference; lastKnownFileType = image.gif; path = Netflix.gif; sourceTree = "<group>"; };
		735C013128C2A269004459C4 /* PopularMovies.swift */ = {isa = PBXFileReference; lastKnownFileType = sourcecode.swift; path = PopularMovies.swift; sourceTree = "<group>"; };
		735C013328C2B5F6004459C4 /* UpcomingMovies.swift */ = {isa = PBXFileReference; lastKnownFileType = sourcecode.swift; path = UpcomingMovies.swift; sourceTree = "<group>"; };
		738D51E428B1BDDC00656261 /* TrendingMovies.swift */ = {isa = PBXFileReference; lastKnownFileType = sourcecode.swift; path = TrendingMovies.swift; sourceTree = "<group>"; };
		73B1AF1D28D14E56007A289C /* SearchResultVC.swift */ = {isa = PBXFileReference; lastKnownFileType = sourcecode.swift; path = SearchResultVC.swift; sourceTree = "<group>"; };
		73B1AF1F28D213F4007A289C /* String+Trimming.swift */ = {isa = PBXFileReference; lastKnownFileType = sourcecode.swift; path = "String+Trimming.swift"; sourceTree = "<group>"; };
		73E9A2AA28B1B6E200979577 /* APIClaller.swift */ = {isa = PBXFileReference; lastKnownFileType = sourcecode.swift; path = APIClaller.swift; sourceTree = "<group>"; };
		73E9A2AF28B1B88800979577 /* Constants.swift */ = {isa = PBXFileReference; lastKnownFileType = sourcecode.swift; path = Constants.swift; sourceTree = "<group>"; };
		73F7B20B28C3A9FF00E83741 /* TrendingTV.swift */ = {isa = PBXFileReference; lastKnownFileType = sourcecode.swift; path = TrendingTV.swift; sourceTree = "<group>"; };
		73F7B20D28C3B19400E83741 /* TopRatedMovies.swift */ = {isa = PBXFileReference; lastKnownFileType = sourcecode.swift; path = TopRatedMovies.swift; sourceTree = "<group>"; };
		73F7B20F28C3BE8F00E83741 /* TitleCollectionViewCell.swift */ = {isa = PBXFileReference; lastKnownFileType = sourcecode.swift; path = TitleCollectionViewCell.swift; sourceTree = "<group>"; };
		BE5CB070F5DB8833761BFF8A /* Pods-Netflix.release.xcconfig */ = {isa = PBXFileReference; includeInIndex = 1; lastKnownFileType = text.xcconfig; name = "Pods-Netflix.release.xcconfig"; path = "Target Support Files/Pods-Netflix/Pods-Netflix.release.xcconfig"; sourceTree = "<group>"; };
		D552C9893935B22E40399A82 /* Pods-Netflix.debug.xcconfig */ = {isa = PBXFileReference; includeInIndex = 1; lastKnownFileType = text.xcconfig; name = "Pods-Netflix.debug.xcconfig"; path = "Target Support Files/Pods-Netflix/Pods-Netflix.debug.xcconfig"; sourceTree = "<group>"; };
/* End PBXFileReference section */

/* Begin PBXFrameworksBuildPhase section */
		732B271C28B075E400A6876C /* Frameworks */ = {
			isa = PBXFrameworksBuildPhase;
			buildActionMask = 2147483647;
			files = (
				8050D2FFC908C5CD074F686C /* Pods_Netflix.framework in Frameworks */,
			);
			runOnlyForDeploymentPostprocessing = 0;
		};
/* End PBXFrameworksBuildPhase section */

/* Begin PBXGroup section */
		44E21BFE86D31ACBEAF2D416 /* Frameworks */ = {
			isa = PBXGroup;
			children = (
				41A523F98159C67C99150E2B /* Pods_Netflix.framework */,
			);
			name = Frameworks;
			sourceTree = "<group>";
		};
		7306E7A728C3C7E300B7D3F8 /* Extensions */ = {
			isa = PBXGroup;
			children = (
				7306E7A828C3C80B00B7D3F8 /* sd_webImage.swift */,
				73B1AF1F28D213F4007A289C /* String+Trimming.swift */,
				73430BCB28E623640029B9F2 /* ShowAlertsManager.swift */,
				73430BCD28E6304D0029B9F2 /* UIView + Loader.swift */,
			);
			path = Extensions;
			sourceTree = "<group>";
		};
		730A33E328EB97CD00B61B18 /* SplashScreen */ = {
			isa = PBXGroup;
			children = (
				733A83E328EB5ECE00E8F273 /* LaunchScreen.storyboard */,
				730A33E428EB97EE00B61B18 /* SplashScreenVC.swift */,
				730A33E628EB9A4900B61B18 /* Netflix.json */,
				730A33E828EB9BA800B61B18 /* netflix-logo.json */,
				730A33EA28EB9FFF00B61B18 /* NetflixNew.json */,
				730A33EC28EBA59000B61B18 /* NetflixSoundTone.mp3 */,
				730A33EE28EBAFED00B61B18 /* Netflix New Logo Animation 2019.mp4.lottie (1).json */,
				730A33F028EBB02F00B61B18 /* Netflix New Logo Animation 2019.mp4.lottie (2).json */,
			);
			path = SplashScreen;
			sourceTree = "<group>";
		};
		730F98A128DD0C97001D8A1B /* YoutubeAPI */ = {
			isa = PBXGroup;
			children = (
				730F98A228DD0CAA001D8A1B /* Model */,
			);
			path = YoutubeAPI;
			sourceTree = "<group>";
		};
		730F98A228DD0CAA001D8A1B /* Model */ = {
			isa = PBXGroup;
			children = (
				730F98A328DD0CC2001D8A1B /* YoutubeApiResponse.swift */,
			);
			path = Model;
			sourceTree = "<group>";
		};
		732B271628B075E400A6876C = {
			isa = PBXGroup;
			children = (
				732B272128B075E400A6876C /* Netflix */,
				8DD994DF204C4D73E9C54201 /* Pods */,
				44E21BFE86D31ACBEAF2D416 /* Frameworks */,
			);
			sourceTree = "<group>";
		};
		732B272028B075E400A6876C /* Products */ = {
			isa = PBXGroup;
			children = (
				732B271F28B075E400A6876C /* Netflix.app */,
			);
			name = Products;
			path = ..;
			sourceTree = "<group>";
		};
		732B272128B075E400A6876C /* Netflix */ = {
			isa = PBXGroup;
			children = (
				730A33E328EB97CD00B61B18 /* SplashScreen */,
				730F98A128DD0C97001D8A1B /* YoutubeAPI */,
				7335708728CE9815000C02D5 /* Shared */,
				7306E7A728C3C7E300B7D3F8 /* Extensions */,
				7335707128CE35BB000C02D5 /* Home */,
				7335707D28CE5A90000C02D5 /* Uucoming */,
				73E9A2AD28B1B85800979577 /* Utilities */,
				732B274328B08DE900A6876C /* Managers */,
				732B274228B08DBE00A6876C /* Resources */,
				732B274128B08D8B00A6876C /* Models */,
				732B273F28B08D7100A6876C /* Views */,
				732B273628B0762100A6876C /* Controllers */,
				732B272628B075E400A6876C /* MainTabBarVC.swift */,
				732B273028B075E400A6876C /* Info.plist */,
				7343D79C28EA391C0038D929 /* Netflix.gif */,
				7343D79B28EA38F70038D929 /* gif */,
				732B272028B075E400A6876C /* Products */,
			);
			path = Netflix;
			sourceTree = "<group>";
		};
		732B273628B0762100A6876C /* Controllers */ = {
			isa = PBXGroup;
			children = (
				732B273B28B0766800A6876C /* SearchVC.swift */,
				732B273D28B0767A00A6876C /* DownloadsVC.swift */,
				73B1AF1D28D14E56007A289C /* SearchResultVC.swift */,
				730F98A528DD0FBC001D8A1B /* MoviePreviewVC.swift */,
				730F98A728DD1664001D8A1B /* MoviePreviewModel.swift */,
			);
			path = Controllers;
			sourceTree = "<group>";
		};
		732B273F28B08D7100A6876C /* Views */ = {
			isa = PBXGroup;
			children = (
			);
			path = Views;
			sourceTree = "<group>";
		};
		732B274128B08D8B00A6876C /* Models */ = {
			isa = PBXGroup;
			children = (
				7306E7AA28C3EF2D00B7D3F8 /* sharedModel.swift */,
			);
			path = Models;
			sourceTree = "<group>";
		};
		732B274228B08DBE00A6876C /* Resources */ = {
			isa = PBXGroup;
			children = (
				732B272B28B075E400A6876C /* Assets.xcassets */,
			);
			path = Resources;
			sourceTree = "<group>";
		};
		732B274328B08DE900A6876C /* Managers */ = {
			isa = PBXGroup;
			children = (
				73E9A2AA28B1B6E200979577 /* APIClaller.swift */,
			);
			path = Managers;
			sourceTree = "<group>";
		};
		7335707128CE35BB000C02D5 /* Home */ = {
			isa = PBXGroup;
			children = (
				7335707228CE35D2000C02D5 /* Model */,
				7335707328CE35DF000C02D5 /* View */,
				7335707428CE35E6000C02D5 /* Presenter */,
			);
			path = Home;
			sourceTree = "<group>";
		};
		7335707228CE35D2000C02D5 /* Model */ = {
			isa = PBXGroup;
			children = (
				738D51E428B1BDDC00656261 /* TrendingMovies.swift */,
				7306E7AC28C40D5800B7D3F8 /* GenaricResponse.swift */,
				735C013128C2A269004459C4 /* PopularMovies.swift */,
				73F7B20B28C3A9FF00E83741 /* TrendingTV.swift */,
				73F7B20D28C3B19400E83741 /* TopRatedMovies.swift */,
			);
			path = Model;
			sourceTree = "<group>";
		};
		7335707328CE35DF000C02D5 /* View */ = {
			isa = PBXGroup;
			children = (
				7335707828CE3666000C02D5 /* ViewController */,
				7335707728CE3650000C02D5 /* Views */,
			);
			path = View;
			sourceTree = "<group>";
		};
		7335707428CE35E6000C02D5 /* Presenter */ = {
			isa = PBXGroup;
			children = (
			);
			path = Presenter;
			sourceTree = "<group>";
		};
		7335707728CE3650000C02D5 /* Views */ = {
			isa = PBXGroup;
			children = (
				732B274528B08E7400A6876C /* CollectionViewTableViewCell.swift */,
				730CB31E28B15FAB0056D029 /* HeroHeaderView.swift */,
				73F7B20F28C3BE8F00E83741 /* TitleCollectionViewCell.swift */,
			);
			path = Views;
			sourceTree = "<group>";
		};
		7335707828CE3666000C02D5 /* ViewController */ = {
			isa = PBXGroup;
			children = (
				732B273728B0763C00A6876C /* HomeVC.swift */,
			);
			path = ViewController;
			sourceTree = "<group>";
		};
		7335707D28CE5A90000C02D5 /* Uucoming */ = {
			isa = PBXGroup;
			children = (
				7335708028CE5AC3000C02D5 /* Model */,
				7335707F28CE5AAE000C02D5 /* View */,
				7335707E28CE5AA2000C02D5 /* Presenter */,
			);
			path = Uucoming;
			sourceTree = "<group>";
		};
		7335707E28CE5AA2000C02D5 /* Presenter */ = {
			isa = PBXGroup;
			children = (
				7335708528CE60AD000C02D5 /* UpcomingPresenter.swift */,
			);
			path = Presenter;
			sourceTree = "<group>";
		};
		7335707F28CE5AAE000C02D5 /* View */ = {
			isa = PBXGroup;
			children = (
				7335708228CE5AF9000C02D5 /* Conntroller */,
				7335708128CE5AEF000C02D5 /* Views */,
			);
			path = View;
			sourceTree = "<group>";
		};
		7335708028CE5AC3000C02D5 /* Model */ = {
			isa = PBXGroup;
			children = (
				735C013328C2B5F6004459C4 /* UpcomingMovies.swift */,
			);
			path = Model;
			sourceTree = "<group>";
		};
		7335708128CE5AEF000C02D5 /* Views */ = {
			isa = PBXGroup;
			children = (
				7335708328CE5B43000C02D5 /* UpcomingTableViewCell.swift */,
			);
			path = Views;
			sourceTree = "<group>";
		};
		7335708228CE5AF9000C02D5 /* Conntroller */ = {
			isa = PBXGroup;
			children = (
				732B273928B0765400A6876C /* UpComingVC.swift */,
			);
			path = Conntroller;
			sourceTree = "<group>";
		};
		7335708728CE9815000C02D5 /* Shared */ = {
			isa = PBXGroup;
			children = (
				732B272228B075E400A6876C /* AppDelegate.swift */,
				732B272428B075E400A6876C /* SceneDelegate.swift */,
			);
			path = Shared;
			sourceTree = "<group>";
		};
		7343D79B28EA38F70038D929 /* gif */ = {
			isa = PBXGroup;
			children = (
			);
			path = gif;
			sourceTree = "<group>";
		};
		73E9A2AD28B1B85800979577 /* Utilities */ = {
			isa = PBXGroup;
			children = (
				73E9A2AE28B1B87300979577 /* Constants */,
			);
			path = Utilities;
			sourceTree = "<group>";
		};
		73E9A2AE28B1B87300979577 /* Constants */ = {
			isa = PBXGroup;
			children = (
				73E9A2AF28B1B88800979577 /* Constants.swift */,
			);
			path = Constants;
			sourceTree = "<group>";
		};
		8DD994DF204C4D73E9C54201 /* Pods */ = {
			isa = PBXGroup;
			children = (
				D552C9893935B22E40399A82 /* Pods-Netflix.debug.xcconfig */,
				BE5CB070F5DB8833761BFF8A /* Pods-Netflix.release.xcconfig */,
			);
			path = Pods;
			sourceTree = "<group>";
		};
/* End PBXGroup section */

/* Begin PBXNativeTarget section */
		732B271E28B075E400A6876C /* Netflix */ = {
			isa = PBXNativeTarget;
			buildConfigurationList = 732B273328B075E400A6876C /* Build configuration list for PBXNativeTarget "Netflix" */;
			buildPhases = (
				20DC0CF1AB1FCD07874E9585 /* [CP] Check Pods Manifest.lock */,
				732B271B28B075E400A6876C /* Sources */,
				732B271C28B075E400A6876C /* Frameworks */,
				732B271D28B075E400A6876C /* Resources */,
				A0D7FE587E925D43D56E50D8 /* [CP] Embed Pods Frameworks */,
			);
			buildRules = (
			);
			dependencies = (
			);
			name = Netflix;
			productName = Netflix;
			productReference = 732B271F28B075E400A6876C /* Netflix.app */;
			productType = "com.apple.product-type.application";
		};
/* End PBXNativeTarget section */

/* Begin PBXProject section */
		732B271728B075E400A6876C /* Project object */ = {
			isa = PBXProject;
			attributes = {
				LastSwiftUpdateCheck = 1130;
				LastUpgradeCheck = 1130;
				ORGANIZATIONNAME = "Ahmed Yasein";
				TargetAttributes = {
					732B271E28B075E400A6876C = {
						CreatedOnToolsVersion = 11.3.1;
					};
				};
			};
			buildConfigurationList = 732B271A28B075E400A6876C /* Build configuration list for PBXProject "Netflix" */;
			compatibilityVersion = "Xcode 9.3";
			developmentRegion = en;
			hasScannedForEncodings = 0;
			knownRegions = (
				en,
				Base,
			);
			mainGroup = 732B271628B075E400A6876C;
			productRefGroup = 732B272028B075E400A6876C /* Products */;
			projectDirPath = "";
			projectRoot = "";
			targets = (
				732B271E28B075E400A6876C /* Netflix */,
			);
		};
/* End PBXProject section */

/* Begin PBXResourcesBuildPhase section */
		732B271D28B075E400A6876C /* Resources */ = {
			isa = PBXResourcesBuildPhase;
			buildActionMask = 2147483647;
			files = (
				730A33E928EB9BA800B61B18 /* netflix-logo.json in Resources */,
				733A83E428EB5ECE00E8F273 /* LaunchScreen.storyboard in Resources */,
				7343D79D28EA391C0038D929 /* Netflix.gif in Resources */,
				730A33E728EB9A4900B61B18 /* Netflix.json in Resources */,
				730A33EF28EBAFED00B61B18 /* Netflix New Logo Animation 2019.mp4.lottie (1).json in Resources */,
				730A33EB28EB9FFF00B61B18 /* NetflixNew.json in Resources */,
				732B272C28B075E400A6876C /* Assets.xcassets in Resources */,
				730A33F128EBB02F00B61B18 /* Netflix New Logo Animation 2019.mp4.lottie (2).json in Resources */,
				730A33ED28EBA59100B61B18 /* NetflixSoundTone.mp3 in Resources */,
			);
			runOnlyForDeploymentPostprocessing = 0;
		};
/* End PBXResourcesBuildPhase section */

/* Begin PBXShellScriptBuildPhase section */
		20DC0CF1AB1FCD07874E9585 /* [CP] Check Pods Manifest.lock */ = {
			isa = PBXShellScriptBuildPhase;
			buildActionMask = 2147483647;
			files = (
			);
			inputFileListPaths = (
			);
			inputPaths = (
				"${PODS_PODFILE_DIR_PATH}/Podfile.lock",
				"${PODS_ROOT}/Manifest.lock",
			);
			name = "[CP] Check Pods Manifest.lock";
			outputFileListPaths = (
			);
			outputPaths = (
				"$(DERIVED_FILE_DIR)/Pods-Netflix-checkManifestLockResult.txt",
			);
			runOnlyForDeploymentPostprocessing = 0;
			shellPath = /bin/sh;
			shellScript = "diff \"${PODS_PODFILE_DIR_PATH}/Podfile.lock\" \"${PODS_ROOT}/Manifest.lock\" > /dev/null\nif [ $? != 0 ] ; then\n    # print error to STDERR\n    echo \"error: The sandbox is not in sync with the Podfile.lock. Run 'pod install' or update your CocoaPods installation.\" >&2\n    exit 1\nfi\n# This output is used by Xcode 'outputs' to avoid re-running this script phase.\necho \"SUCCESS\" > \"${SCRIPT_OUTPUT_FILE_0}\"\n";
			showEnvVarsInLog = 0;
		};
		A0D7FE587E925D43D56E50D8 /* [CP] Embed Pods Frameworks */ = {
			isa = PBXShellScriptBuildPhase;
			buildActionMask = 2147483647;
			files = (
			);
			inputFileListPaths = (
				"${PODS_ROOT}/Target Support Files/Pods-Netflix/Pods-Netflix-frameworks-${CONFIGURATION}-input-files.xcfilelist",
			);
			name = "[CP] Embed Pods Frameworks";
			outputFileListPaths = (
				"${PODS_ROOT}/Target Support Files/Pods-Netflix/Pods-Netflix-frameworks-${CONFIGURATION}-output-files.xcfilelist",
			);
			runOnlyForDeploymentPostprocessing = 0;
			shellPath = /bin/sh;
			shellScript = "\"${PODS_ROOT}/Target Support Files/Pods-Netflix/Pods-Netflix-frameworks.sh\"\n";
			showEnvVarsInLog = 0;
		};
/* End PBXShellScriptBuildPhase section */

/* Begin PBXSourcesBuildPhase section */
		732B271B28B075E400A6876C /* Sources */ = {
			isa = PBXSourcesBuildPhase;
			buildActionMask = 2147483647;
			files = (
				732B273C28B0766800A6876C /* SearchVC.swift in Sources */,
				738D51E528B1BDDC00656261 /* TrendingMovies.swift in Sources */,
				730F98A828DD1664001D8A1B /* MoviePreviewModel.swift in Sources */,
				730A33E528EB97EE00B61B18 /* SplashScreenVC.swift in Sources */,
				735C013428C2B5F6004459C4 /* UpcomingMovies.swift in Sources */,
				73F7B20C28C3A9FF00E83741 /* TrendingTV.swift in Sources */,
				73F7B21028C3BE8F00E83741 /* TitleCollectionViewCell.swift in Sources */,
				7306E7AB28C3EF2D00B7D3F8 /* sharedModel.swift in Sources */,
				73E9A2B028B1B88800979577 /* Constants.swift in Sources */,
				73F7B20E28C3B19400E83741 /* TopRatedMovies.swift in Sources */,
				730F98A628DD0FBC001D8A1B /* MoviePreviewVC.swift in Sources */,
				732B272728B075E400A6876C /* MainTabBarVC.swift in Sources */,
				73B1AF2028D213F4007A289C /* String+Trimming.swift in Sources */,
				735C013228C2A269004459C4 /* PopularMovies.swift in Sources */,
				7335708428CE5B43000C02D5 /* UpcomingTableViewCell.swift in Sources */,
				732B274628B08E7400A6876C /* CollectionViewTableViewCell.swift in Sources */,
				7335708628CE60AD000C02D5 /* UpcomingPresenter.swift in Sources */,
				73430BCE28E6304D0029B9F2 /* UIView + Loader.swift in Sources */,
				732B273A28B0765400A6876C /* UpComingVC.swift in Sources */,
				7306E7A928C3C80B00B7D3F8 /* sd_webImage.swift in Sources */,
				730CB31F28B15FAB0056D029 /* HeroHeaderView.swift in Sources */,
				730F98A428DD0CC2001D8A1B /* YoutubeApiResponse.swift in Sources */,
				732B273828B0763C00A6876C /* HomeVC.swift in Sources */,
				73430BCC28E623640029B9F2 /* ShowAlertsManager.swift in Sources */,
				732B273E28B0767A00A6876C /* DownloadsVC.swift in Sources */,
				7306E7AD28C40D5800B7D3F8 /* GenaricResponse.swift in Sources */,
				732B272328B075E400A6876C /* AppDelegate.swift in Sources */,
				73B1AF1E28D14E56007A289C /* SearchResultVC.swift in Sources */,
				73E9A2AB28B1B6E200979577 /* APIClaller.swift in Sources */,
				732B272528B075E400A6876C /* SceneDelegate.swift in Sources */,
			);
			runOnlyForDeploymentPostprocessing = 0;
		};
/* End PBXSourcesBuildPhase section */

/* Begin XCBuildConfiguration section */
		732B273128B075E400A6876C /* Debug */ = {
			isa = XCBuildConfiguration;
			buildSettings = {
				ALWAYS_SEARCH_USER_PATHS = NO;
				CLANG_ANALYZER_NONNULL = YES;
				CLANG_ANALYZER_NUMBER_OBJECT_CONVERSION = YES_AGGRESSIVE;
				CLANG_CXX_LANGUAGE_STANDARD = "gnu++14";
				CLANG_CXX_LIBRARY = "libc++";
				CLANG_ENABLE_MODULES = YES;
				CLANG_ENABLE_OBJC_ARC = YES;
				CLANG_ENABLE_OBJC_WEAK = YES;
				CLANG_WARN_BLOCK_CAPTURE_AUTORELEASING = YES;
				CLANG_WARN_BOOL_CONVERSION = YES;
				CLANG_WARN_COMMA = YES;
				CLANG_WARN_CONSTANT_CONVERSION = YES;
				CLANG_WARN_DEPRECATED_OBJC_IMPLEMENTATIONS = YES;
				CLANG_WARN_DIRECT_OBJC_ISA_USAGE = YES_ERROR;
				CLANG_WARN_DOCUMENTATION_COMMENTS = YES;
				CLANG_WARN_EMPTY_BODY = YES;
				CLANG_WARN_ENUM_CONVERSION = YES;
				CLANG_WARN_INFINITE_RECURSION = YES;
				CLANG_WARN_INT_CONVERSION = YES;
				CLANG_WARN_NON_LITERAL_NULL_CONVERSION = YES;
				CLANG_WARN_OBJC_IMPLICIT_RETAIN_SELF = YES;
				CLANG_WARN_OBJC_LITERAL_CONVERSION = YES;
				CLANG_WARN_OBJC_ROOT_CLASS = YES_ERROR;
				CLANG_WARN_RANGE_LOOP_ANALYSIS = YES;
				CLANG_WARN_STRICT_PROTOTYPES = YES;
				CLANG_WARN_SUSPICIOUS_MOVE = YES;
				CLANG_WARN_UNGUARDED_AVAILABILITY = YES_AGGRESSIVE;
				CLANG_WARN_UNREACHABLE_CODE = YES;
				CLANG_WARN__DUPLICATE_METHOD_MATCH = YES;
				COPY_PHASE_STRIP = NO;
				DEBUG_INFORMATION_FORMAT = dwarf;
				ENABLE_STRICT_OBJC_MSGSEND = YES;
				ENABLE_TESTABILITY = YES;
				GCC_C_LANGUAGE_STANDARD = gnu11;
				GCC_DYNAMIC_NO_PIC = NO;
				GCC_NO_COMMON_BLOCKS = YES;
				GCC_OPTIMIZATION_LEVEL = 0;
				GCC_PREPROCESSOR_DEFINITIONS = (
					"DEBUG=1",
					"$(inherited)",
				);
				GCC_WARN_64_TO_32_BIT_CONVERSION = YES;
				GCC_WARN_ABOUT_RETURN_TYPE = YES_ERROR;
				GCC_WARN_UNDECLARED_SELECTOR = YES;
				GCC_WARN_UNINITIALIZED_AUTOS = YES_AGGRESSIVE;
				GCC_WARN_UNUSED_FUNCTION = YES;
				GCC_WARN_UNUSED_VARIABLE = YES;
				IPHONEOS_DEPLOYMENT_TARGET = 13.2;
				MTL_ENABLE_DEBUG_INFO = INCLUDE_SOURCE;
				MTL_FAST_MATH = YES;
				ONLY_ACTIVE_ARCH = YES;
				SDKROOT = iphoneos;
				SWIFT_ACTIVE_COMPILATION_CONDITIONS = DEBUG;
				SWIFT_OPTIMIZATION_LEVEL = "-Onone";
			};
			name = Debug;
		};
		732B273228B075E400A6876C /* Release */ = {
			isa = XCBuildConfiguration;
			buildSettings = {
				ALWAYS_SEARCH_USER_PATHS = NO;
				CLANG_ANALYZER_NONNULL = YES;
				CLANG_ANALYZER_NUMBER_OBJECT_CONVERSION = YES_AGGRESSIVE;
				CLANG_CXX_LANGUAGE_STANDARD = "gnu++14";
				CLANG_CXX_LIBRARY = "libc++";
				CLANG_ENABLE_MODULES = YES;
				CLANG_ENABLE_OBJC_ARC = YES;
				CLANG_ENABLE_OBJC_WEAK = YES;
				CLANG_WARN_BLOCK_CAPTURE_AUTORELEASING = YES;
				CLANG_WARN_BOOL_CONVERSION = YES;
				CLANG_WARN_COMMA = YES;
				CLANG_WARN_CONSTANT_CONVERSION = YES;
				CLANG_WARN_DEPRECATED_OBJC_IMPLEMENTATIONS = YES;
				CLANG_WARN_DIRECT_OBJC_ISA_USAGE = YES_ERROR;
				CLANG_WARN_DOCUMENTATION_COMMENTS = YES;
				CLANG_WARN_EMPTY_BODY = YES;
				CLANG_WARN_ENUM_CONVERSION = YES;
				CLANG_WARN_INFINITE_RECURSION = YES;
				CLANG_WARN_INT_CONVERSION = YES;
				CLANG_WARN_NON_LITERAL_NULL_CONVERSION = YES;
				CLANG_WARN_OBJC_IMPLICIT_RETAIN_SELF = YES;
				CLANG_WARN_OBJC_LITERAL_CONVERSION = YES;
				CLANG_WARN_OBJC_ROOT_CLASS = YES_ERROR;
				CLANG_WARN_RANGE_LOOP_ANALYSIS = YES;
				CLANG_WARN_STRICT_PROTOTYPES = YES;
				CLANG_WARN_SUSPICIOUS_MOVE = YES;
				CLANG_WARN_UNGUARDED_AVAILABILITY = YES_AGGRESSIVE;
				CLANG_WARN_UNREACHABLE_CODE = YES;
				CLANG_WARN__DUPLICATE_METHOD_MATCH = YES;
				COPY_PHASE_STRIP = NO;
				DEBUG_INFORMATION_FORMAT = "dwarf-with-dsym";
				ENABLE_NS_ASSERTIONS = NO;
				ENABLE_STRICT_OBJC_MSGSEND = YES;
				GCC_C_LANGUAGE_STANDARD = gnu11;
				GCC_NO_COMMON_BLOCKS = YES;
				GCC_WARN_64_TO_32_BIT_CONVERSION = YES;
				GCC_WARN_ABOUT_RETURN_TYPE = YES_ERROR;
				GCC_WARN_UNDECLARED_SELECTOR = YES;
				GCC_WARN_UNINITIALIZED_AUTOS = YES_AGGRESSIVE;
				GCC_WARN_UNUSED_FUNCTION = YES;
				GCC_WARN_UNUSED_VARIABLE = YES;
				IPHONEOS_DEPLOYMENT_TARGET = 13.2;
				MTL_ENABLE_DEBUG_INFO = NO;
				MTL_FAST_MATH = YES;
				SDKROOT = iphoneos;
				SWIFT_COMPILATION_MODE = wholemodule;
				SWIFT_OPTIMIZATION_LEVEL = "-O";
				VALIDATE_PRODUCT = YES;
			};
			name = Release;
		};
		732B273428B075E400A6876C /* Debug */ = {
			isa = XCBuildConfiguration;
			baseConfigurationReference = D552C9893935B22E40399A82 /* Pods-Netflix.debug.xcconfig */;
			buildSettings = {
				ASSETCATALOG_COMPILER_APPICON_NAME = AppIcon;
				CODE_SIGN_STYLE = Automatic;
				DEVELOPMENT_TEAM = YQTJ536YR2;
				INFOPLIST_FILE = Netflix/Info.plist;
				LD_RUNPATH_SEARCH_PATHS = (
					"$(inherited)",
					"@executable_path/Frameworks",
				);
				PRODUCT_BUNDLE_IDENTIFIER = com.Apple.Netflix;
				PRODUCT_NAME = "$(TARGET_NAME)";
				SWIFT_VERSION = 5.0;
				TARGETED_DEVICE_FAMILY = "1,2";
			};
			name = Debug;
		};
		732B273528B075E400A6876C /* Release */ = {
			isa = XCBuildConfiguration;
			baseConfigurationReference = BE5CB070F5DB8833761BFF8A /* Pods-Netflix.release.xcconfig */;
			buildSettings = {
				ASSETCATALOG_COMPILER_APPICON_NAME = AppIcon;
				CODE_SIGN_STYLE = Automatic;
				DEVELOPMENT_TEAM = YQTJ536YR2;
				INFOPLIST_FILE = Netflix/Info.plist;
				LD_RUNPATH_SEARCH_PATHS = (
					"$(inherited)",
					"@executable_path/Frameworks",
				);
				PRODUCT_BUNDLE_IDENTIFIER = com.Apple.Netflix;
				PRODUCT_NAME = "$(TARGET_NAME)";
				SWIFT_VERSION = 5.0;
				TARGETED_DEVICE_FAMILY = "1,2";
			};
			name = Release;
		};
/* End XCBuildConfiguration section */

/* Begin XCConfigurationList section */
		732B271A28B075E400A6876C /* Build configuration list for PBXProject "Netflix" */ = {
			isa = XCConfigurationList;
			buildConfigurations = (
				732B273128B075E400A6876C /* Debug */,
				732B273228B075E400A6876C /* Release */,
			);
			defaultConfigurationIsVisible = 0;
			defaultConfigurationName = Release;
		};
		732B273328B075E400A6876C /* Build configuration list for PBXNativeTarget "Netflix" */ = {
			isa = XCConfigurationList;
			buildConfigurations = (
				732B273428B075E400A6876C /* Debug */,
				732B273528B075E400A6876C /* Release */,
			);
			defaultConfigurationIsVisible = 0;
			defaultConfigurationName = Release;
		};
/* End XCConfigurationList section */
	};
	rootObject = 732B271728B075E400A6876C /* Project object */;
}
